
Microsoft Visual Studio Solution File, Format Version 12.00
# Visual Studio Version 17
VisualStudioVersion = 17.3.32901.215
MinimumVisualStudioVersion = 10.0.40219.1
Project("{FAE04EC0-301F-11D3-BF4B-00C04F79EFBC}") = "BlazorEcommerce.Server", "BlazorEcommerce\Server\BlazorEcommerce.Server.csproj", "{2787E307-9C7F-49B1-BAA9-D66985541D56}"
EndProject
Project("{FAE04EC0-301F-11D3-BF4B-00C04F79EFBC}") = "BlazorEcommerce.Client", "BlazorEcommerce\Client\BlazorEcommerce.Client.csproj", "{32B37728-B87C-4EE8-B58F-55E549E35204}"
EndProject
Project("{FAE04EC0-301F-11D3-BF4B-00C04F79EFBC}") = "BlazorEcommerce.Shared", "BlazorEcommerce\Shared\BlazorEcommerce.Shared.csproj", "{0764C5C5-F75E-4FD0-AE12-C0DD608C8131}"
EndProject
Global
	GlobalSection(SolutionConfigurationPlatforms) = preSolution
		Debug|Any CPU = Debug|Any CPU
		Release|Any CPU = Release|Any CPU
	EndGlobalSection
	GlobalSection(ProjectConfigurationPlatforms) = postSolution
		{2787E307-9C7F-49B1-BAA9-D66985541D56}.Debug|Any CPU.ActiveCfg = Debug|Any CPU
		{2787E307-9C7F-49B1-BAA9-D66985541D56}.Debug|Any CPU.Build.0 = Debug|Any CPU
		{2787E307-9C7F-49B1-BAA9-D66985541D56}.Release|Any CPU.ActiveCfg = Release|Any CPU
		{2787E307-9C7F-49B1-BAA9-D66985541D56}.Release|Any CPU.Build.0 = Release|Any CPU
		{32B37728-B87C-4EE8-B58F-55E549E35204}.Debug|Any CPU.ActiveCfg = Debug|Any CPU
		{32B37728-B87C-4EE8-B58F-55E549E35204}.Debug|Any CPU.Build.0 = Debug|Any CPU
		{32B37728-B87C-4EE8-B58F-55E549E35204}.Release|Any CPU.ActiveCfg = Release|Any CPU
		{32B37728-B87C-4EE8-B58F-55E549E35204}.Release|Any CPU.Build.0 = Release|Any CPU
		{0764C5C5-F75E-4FD0-AE12-C0DD608C8131}.Debug|Any CPU.ActiveCfg = Debug|Any CPU
		{0764C5C5-F75E-4FD0-AE12-C0DD608C8131}.Debug|Any CPU.Build.0 = Debug|Any CPU
		{0764C5C5-F75E-4FD0-AE12-C0DD608C8131}.Release|Any CPU.ActiveCfg = Release|Any CPU
		{0764C5C5-F75E-4FD0-AE12-C0DD608C8131}.Release|Any CPU.Build.0 = Release|Any CPU
	EndGlobalSection
	GlobalSection(SolutionProperties) = preSolution
		HideSolutionNode = FALSE
	EndGlobalSection
	GlobalSection(ExtensibilityGlobals) = postSolution
		SolutionGuid = {710A4BD1-E90C-49B5-AC8F-FABF96606F15}
	EndGlobalSection
EndGlobal
